// !$*UTF8*$!
{
	archiveVersion = 1;
	classes = {
	};
	objectVersion = 63;
	objects = {

/* Begin PBXBuildFile section */
		00631513A613545233DD5A20 /* DateFormatExtensions.swift in Sources */ = {isa = PBXBuildFile; fileRef = A79D3BCA9491F0A4B9070AF2 /* DateFormatExtensions.swift */; };
		09CE0BB0F099735575059F25 /* unified_pipeline.swift in Sources */ = {isa = PBXBuildFile; fileRef = DFA85D9639E37CFD82DEF391 /* unified_pipeline.swift */; };
		16C37BDFDACD9B584848B19F /* ThemeManager.swift in Sources */ = {isa = PBXBuildFile; fileRef = 038F2101D29D69011D5C28DB /* ThemeManager.swift */; };
		16DEC9747F753FCE7471E66E /* QwenModelManager.swift in Sources */ = {isa = PBXBuildFile; fileRef = 4562CB22E4FFE45A6ED7F3EE /* QwenModelManager.swift */; };
		335875018F33B1DC93CFD568 /* QwenIntegrationTest.swift in Sources */ = {isa = PBXBuildFile; fileRef = 366623272AAA8137628F5814 /* QwenIntegrationTest.swift */; };
		365F4B9C1E7A44D153790332 /* ExpenseListGlassView.swift in Sources */ = {isa = PBXBuildFile; fileRef = 0AFE2F4D94E527BF0BE06736 /* ExpenseListGlassView.swift */; };
		3DB332706BA67EF94D66117B /* MLXService.swift in Sources */ = {isa = PBXBuildFile; fileRef = B2A1AF2B96C41DB71B39EDD8 /* MLXService.swift */; };
		4679DB9853D3D62D93EB6B00 /* FetchRequestTestView.swift in Sources */ = {isa = PBXBuildFile; fileRef = D08A509A84BBD54AAD731E17 /* FetchRequestTestView.swift */; };
		521B813A0DCB731895740876 /* GlassComponents.swift in Sources */ = {isa = PBXBuildFile; fileRef = BF863690C0F888D94F3E3283 /* GlassComponents.swift */; };
		56E9CA40B7562C11B50B0B24 /* LocalizationScreenshotTests.swift in Sources */ = {isa = PBXBuildFile; fileRef = 82F53855C270A3263B47720E /* LocalizationScreenshotTests.swift */; };
		5BF96DD74EE61BA7C7324563 /* CacheWarming.swift in Sources */ = {isa = PBXBuildFile; fileRef = 8E3ADE5852B80DA605B057FC /* CacheWarming.swift */; };
		5F67ECAF796FAA615C565FAE /* ContentView.swift in Sources */ = {isa = PBXBuildFile; fileRef = 0B48EEF6825C4DCDD0016D51 /* ContentView.swift */; };
		6971F4F758A2F2D55C9EAA29 /* AnimationManager.swift in Sources */ = {isa = PBXBuildFile; fileRef = D0118EA7A31F7484A8011076 /* AnimationManager.swift */; };
		6ADD514AAA598DD723C30B0F /* CoreDataManager.swift in Sources */ = {isa = PBXBuildFile; fileRef = 02F5E3A439943E2D31494CA6 /* CoreDataManager.swift */; };
		6E994651F43E070A5278681D /* SettingsGlassView.swift in Sources */ = {isa = PBXBuildFile; fileRef = 815D327D3892538A934BA6B6 /* SettingsGlassView.swift */; };
		75E38872A64A14DCF5DB8F31 /* HomeGlassView.swift in Sources */ = {isa = PBXBuildFile; fileRef = 3ECC748A45D50FE9B7B64C3B /* HomeGlassView.swift */; };
		77EBAFB4EE9A1387EED13EDD /* CreditsView.swift in Sources */ = {isa = PBXBuildFile; fileRef = 01BEDD06E0A279122A89AE87 /* CreditsView.swift */; };
		7BC50F0C126EC06C70CEA192 /* LocalizationManager.swift in Sources */ = {isa = PBXBuildFile; fileRef = CEB4B75D4A30B81D3E06C26C /* LocalizationManager.swift */; };
		7D412A3EF692DBD3EEB749E2 /* DateFormatter+Swiss.swift in Sources */ = {isa = PBXBuildFile; fileRef = 1E97980CFCE55848EFDD06F8 /* DateFormatter+Swiss.swift */; };
		7FD8E2320A8F9AB0046E4731 /* PerformanceOptimizer.swift in Sources */ = {isa = PBXBuildFile; fileRef = 222CEBB460EE30616D43E92E /* PerformanceOptimizer.swift */; };
		819F349584F38A290AA3F930 /* AnalyticsManager.swift in Sources */ = {isa = PBXBuildFile; fileRef = D587E952FF8DA94DC73448E8 /* AnalyticsManager.swift */; };
		81C7631DBDAFDA32C3E40056 /* AIExtractionService.swift in Sources */ = {isa = PBXBuildFile; fileRef = C20616594CF16BF3A09B9CDC /* AIExtractionService.swift */; };
		8448D00D17909FE04EA7D581 /* OCRService.swift in Sources */ = {isa = PBXBuildFile; fileRef = 2997948CEE7F56B185485DA5 /* OCRService.swift */; };
		879E55E92F187C210072A555 /* llama.xcframework in Frameworks */ = {isa = PBXBuildFile; fileRef = 879E55E82F187C210072A555 /* llama.xcframework */; };
		879E55EA2F187C210072A555 /* llama.xcframework in Embed Frameworks */ = {isa = PBXBuildFile; fileRef = 879E55E82F187C210072A555 /* llama.xcframework */; settings = {ATTRIBUTES = (CodeSignOnCopy, RemoveHeadersOnCopy, ); }; };
		87EED9672F175F9500871134 /* qwen2.5-0.5b-instruct-q4_k_m.gguf in Resources */ = {isa = PBXBuildFile; fileRef = 87EED9662F175F9500871134 /* qwen2.5-0.5b-instruct-q4_k_m.gguf */; };
		8D291747DAEBD4A9E63C35F7 /* PrivExpensIA.xcdatamodeld in Sources */ = {isa = PBXBuildFile; fileRef = 7463B1E9B3481AA7FD84435E /* PrivExpensIA.xcdatamodeld */; };
		8E6992E824F3D2AED80B7D05 /* UIEnhancements.swift in Sources */ = {isa = PBXBuildFile; fileRef = 6057FEA552946139021D3C09 /* UIEnhancements.swift */; };
		9B8CFFA4799E27BEB926D925 /* OnboardingGlassView.swift in Sources */ = {isa = PBXBuildFile; fileRef = 4218F2CF2EE94E18F67830B7 /* OnboardingGlassView.swift */; };
		AAAA1111BBBB2222CCCC3333 /* LlamaInferenceService.swift in Sources */ = {isa = PBXBuildFile; fileRef = DDDD4444EEEE5555FFFF6666 /* LlamaInferenceService.swift */; };
		AB800D72AD829460E2B0288C /* LiquidGlassTheme.swift in Sources */ = {isa = PBXBuildFile; fileRef = 140966250F1892C9BAE624A7 /* LiquidGlassTheme.swift */; };
		AF308673E2B2484B0AD40535 /* logger.swift in Sources */ = {isa = PBXBuildFile; fileRef = 9E87E608E9A0CBC1692E87BB /* logger.swift */; };
		B0A005726BCBA23E93CC7C47 /* Constants.swift in Sources */ = {isa = PBXBuildFile; fileRef = 0B7812773E45777E6E84E10B /* Constants.swift */; };
		B59B7650EA4CFF7248DEB420 /* DocumentPicker.swift in Sources */ = {isa = PBXBuildFile; fileRef = 7645B534C6AC5D0EAADE7D76 /* DocumentPicker.swift */; };
		B86209A4FFEA54C9DE4AC4A4 /* Assets.xcassets in Resources */ = {isa = PBXBuildFile; fileRef = 9B3C28CAD1D7E436E0748487 /* Assets.xcassets */; };
		BBBB2222CCCC3333DDDD4444 /* TextExtractionUtils.swift in Sources */ = {isa = PBXBuildFile; fileRef = CCCC3333DDDD4444EEEE5555 /* TextExtractionUtils.swift */; };
		C23DA0191CC6B63A9DA9463A /* TVACalculator.swift in Sources */ = {isa = PBXBuildFile; fileRef = ECD56ED6C23C7987FD2990BB /* TVACalculator.swift */; };
		C35AD47252AAE5AC7B8917B6 /* PrivExpensIAApp.swift in Sources */ = {isa = PBXBuildFile; fileRef = 8E62F46039946DE563C2E6BB /* PrivExpensIAApp.swift */; };
		C90E68B807ADF3DA69D5E230 /* IntegrationFlowTest.swift in Sources */ = {isa = PBXBuildFile; fileRef = 61903B53CF747DE5221091C8 /* IntegrationFlowTest.swift */; };
		CB1A298401B5FB0984CF4ED9 /* BetaFeedbackView.swift in Sources */ = {isa = PBXBuildFile; fileRef = C4D1FE6C5242DC53747688C6 /* BetaFeedbackView.swift */; };
		D47A0D31EA7B9F8C53C3DF88 /* ScannerGlassView.swift in Sources */ = {isa = PBXBuildFile; fileRef = 93163E0D92985C083B63A56A /* ScannerGlassView.swift */; };
		D53AC9FAC59B797865116223 /* CoreDataPersistenceTest.swift in Sources */ = {isa = PBXBuildFile; fileRef = 21D0CC8EB7E7C6FD055D62C8 /* CoreDataPersistenceTest.swift */; };
		D75E5DB50DEFC5AA2A2F0A6A /* ExpenseDetailGlassView.swift in Sources */ = {isa = PBXBuildFile; fileRef = A027DE71A324C0BA44D62E86 /* ExpenseDetailGlassView.swift */; };
		D7A650D1B62F762926FFC824 /* PerformanceDashboard.swift in Sources */ = {isa = PBXBuildFile; fileRef = 0BC86169F294D6E9CA828DE9 /* PerformanceDashboard.swift */; };
		D806A0BE01F3A29B8A699C8F /* Localizable.strings in Resources */ = {isa = PBXBuildFile; fileRef = 24949777186100C50FB390AD /* Localizable.strings */; };
		DC3A96B0CAF3C02F24AACA6A /* CurrencyManager.swift in Sources */ = {isa = PBXBuildFile; fileRef = 46A607069A2968D5E263BFF9 /* CurrencyManager.swift */; };
		DFFEAD65DF82FD5741D368FA /* ContentView.swift in Sources */ = {isa = PBXBuildFile; fileRef = C54739DC258759E1200E8FEE /* ContentView.swift */; };
		ED3CA3EAF44EDDBE5F669C6E /* ExpenseParser.swift in Sources */ = {isa = PBXBuildFile; fileRef = 209FEDF5EAF2BCF868DA4AB3 /* ExpenseParser.swift */; };
		EE123C1F6E5D25E4449460D4 /* StatisticsGlassView.swift in Sources */ = {isa = PBXBuildFile; fileRef = 70303192DD89C091E5CD6897 /* StatisticsGlassView.swift */; };
		FDFEE8EA7F0B94E7FF60325C /* App.swift in Sources */ = {isa = PBXBuildFile; fileRef = 8682DDCF920A6B41D4B364C0 /* App.swift */; };
		FEE6CA3B7E7CD4A272653B20 /* AccessibilityModifiers.swift in Sources */ = {isa = PBXBuildFile; fileRef = 2241BD78CBEC1A6D5C76B751 /* AccessibilityModifiers.swift */; };
		LLAMA7777WRAP8888INT99999 /* LlamaWrapperInternal.swift in Sources */ = {isa = PBXBuildFile; fileRef = LLAMA1111WRAP2222INT33333 /* LlamaWrapperInternal.swift */; };
		6A70B162AC9F4C80B3B3C16F /* EnhanceAIService.swift in Sources */ = {isa = PBXBuildFile; fileRef = AE060DCDF0B54CEB9084C958 /* EnhanceAIService.swift */; };
		FFDC932CADE84276AC895E70 /* ExpenseRAGService.swift in Sources */ = {isa = PBXBuildFile; fileRef = 979E562B3312480989D09F5F /* ExpenseRAGService.swift */; };
		D4162D71ECFD4511A882DAEF /* ChatAssistantView.swift in Sources */ = {isa = PBXBuildFile; fileRef = A347F376D72547D683CF8B53 /* ChatAssistantView.swift */; };
		CLOUD1234VISION5678SERVICE /* CloudVisionService.swift in Sources */ = {isa = PBXBuildFile; fileRef = VISION1234CLOUD5678SWIFT /* CloudVisionService.swift */; };
		DOC5ARCHV6VIEW7BUILD8 /* DocumentArchiveView.swift in Sources */ = {isa = PBXBuildFile; fileRef = DOC1ARCHV2VIEW3SWIFT4 /* DocumentArchiveView.swift */; };
		C14CATE01DEDITOR00000002 /* CategoryEditorView.swift in Sources */ = {isa = PBXBuildFile; fileRef = C14CATE01DEDITOR00000001 /* CategoryEditorView.swift */; };
		DOC5CLASS6SERV7BUILD8 /* DocumentClassificationService.swift in Sources */ = {isa = PBXBuildFile; fileRef = DOC1CLASS2SERV3SWIFT4 /* DocumentClassificationService.swift */; };
		DOCSRCH1BUILD2FILE3 /* DocumentSearchService.swift in Sources */ = {isa = PBXBuildFile; fileRef = DOCSRCH4FREF5SWIFT6 /* DocumentSearchService.swift */; };
		UPROF1234MANAGER5678BUILD /* UserProfileManager.swift in Sources */ = {isa = PBXBuildFile; fileRef = UPROF1234MANAGER5678SWIFT /* UserProfileManager.swift */; };
		ONBOA1234PROFILE5678BUILD /* OnboardingProfileView.swift in Sources */ = {isa = PBXBuildFile; fileRef = ONBOA1234PROFILE5678SWIFT /* OnboardingProfileView.swift */; };
		DOCSYNC1234SERVICE5678BLD /* DocumentSyncService.swift in Sources */ = {isa = PBXBuildFile; fileRef = DOCSYNC1234SERVICE5678REF /* DocumentSyncService.swift */; };
		DOCBRWSR1234VIEW5678BLD /* DocumentBrowserView.swift in Sources */ = {isa = PBXBuildFile; fileRef = DOCBRWSR1234VIEW5678REF /* DocumentBrowserView.swift */; };
		DOCFLDR1234VIEW56780BLD /* DocumentFolderView.swift in Sources */ = {isa = PBXBuildFile; fileRef = DOCFLDR1234VIEW56780REF /* DocumentFolderView.swift */; };
		DOCFCRD1234VIEW56780BLD /* DocumentFolderCardView.swift in Sources */ = {isa = PBXBuildFile; fileRef = DOCFCRD1234VIEW56780REF /* DocumentFolderCardView.swift */; };
/* End PBXBuildFile section */

/* Begin PBXContainerItemProxy section */
		BDF66E437735834172ED0920 /* PBXContainerItemProxy */ = {
			isa = PBXContainerItemProxy;
			containerPortal = B3D3C44716F41CE0648720F5 /* Project object */;
			proxyType = 1;
			remoteGlobalIDString = 3989975759D4F30BC5DA825B;
			remoteInfo = PrivExpensIA;
		};
/* End PBXContainerItemProxy section */

/* Begin PBXCopyFilesBuildPhase section */
		879E55EC2F187C210072A555 /* Embed Frameworks */ = {
			isa = PBXCopyFilesBuildPhase;
			buildActionMask = 2147483647;
			dstPath = "";
			dstSubfolderSpec = 10;
			files = (
				879E55EA2F187C210072A555 /* llama.xcframework in Embed Frameworks */,
			);
			name = "Embed Frameworks";
			runOnlyForDeploymentPostprocessing = 0;
		};
/* End PBXCopyFilesBuildPhase section */

/* Begin PBXFileReference section */
		01BEDD06E0A279122A89AE87 /* CreditsView.swift */ = {isa = PBXFileReference; lastKnownFileType = sourcecode.swift; path = CreditsView.swift; sourceTree = "<group>"; };
		02F5E3A439943E2D31494CA6 /* CoreDataManager.swift */ = {isa = PBXFileReference; lastKnownFileType = sourcecode.swift; path = CoreDataManager.swift; sourceTree = "<group>"; };
		038CE9B4DE5EF81A715CE83D /* it-CH */ = {isa = PBXFileReference; lastKnownFileType = text.plist.strings; name = "it-CH"; path = "it-CH.lproj/Localizable.strings"; sourceTree = "<group>"; };
		038F2101D29D69011D5C28DB /* ThemeManager.swift */ = {isa = PBXFileReference; lastKnownFileType = sourcecode.swift; path = ThemeManager.swift; sourceTree = "<group>"; };
		0AFE2F4D94E527BF0BE06736 /* ExpenseListGlassView.swift */ = {isa = PBXFileReference; lastKnownFileType = sourcecode.swift; path = ExpenseListGlassView.swift; sourceTree = "<group>"; };
		0B48EEF6825C4DCDD0016D51 /* ContentView.swift */ = {isa = PBXFileReference; lastKnownFileType = sourcecode.swift; path = ContentView.swift; sourceTree = "<group>"; };
		0B7812773E45777E6E84E10B /* Constants.swift */ = {isa = PBXFileReference; lastKnownFileType = sourcecode.swift; path = Constants.swift; sourceTree = "<group>"; };
		0BC86169F294D6E9CA828DE9 /* PerformanceDashboard.swift */ = {isa = PBXFileReference; lastKnownFileType = sourcecode.swift; path = PerformanceDashboard.swift; sourceTree = "<group>"; };
		0F33ED3F70748F962D6A6DB1 /* Info.plist */ = {isa = PBXFileReference; lastKnownFileType = text.plist; path = Info.plist; sourceTree = "<group>"; };
		124BCE9DEEC2D952D31341E4 /* VideoTestApp.app */ = {isa = PBXFileReference; explicitFileType = wrapper.application; includeInIndex = 0; path = VideoTestApp.app; sourceTree = BUILT_PRODUCTS_DIR; };
		140966250F1892C9BAE624A7 /* LiquidGlassTheme.swift */ = {isa = PBXFileReference; lastKnownFileType = sourcecode.swift; path = LiquidGlassTheme.swift; sourceTree = "<group>"; };
		1E97980CFCE55848EFDD06F8 /* DateFormatter+Swiss.swift */ = {isa = PBXFileReference; lastKnownFileType = sourcecode.swift; path = "DateFormatter+Swiss.swift"; sourceTree = "<group>"; };
		209FEDF5EAF2BCF868DA4AB3 /* ExpenseParser.swift */ = {isa = PBXFileReference; lastKnownFileType = sourcecode.swift; path = ExpenseParser.swift; sourceTree = "<group>"; };
		21D0CC8EB7E7C6FD055D62C8 /* CoreDataPersistenceTest.swift */ = {isa = PBXFileReference; lastKnownFileType = sourcecode.swift; path = CoreDataPersistenceTest.swift; sourceTree = "<group>"; };
		222CEBB460EE30616D43E92E /* PerformanceOptimizer.swift */ = {isa = PBXFileReference; lastKnownFileType = sourcecode.swift; path = PerformanceOptimizer.swift; sourceTree = "<group>"; };
		2241BD78CBEC1A6D5C76B751 /* AccessibilityModifiers.swift */ = {isa = PBXFileReference; lastKnownFileType = sourcecode.swift; path = AccessibilityModifiers.swift; sourceTree = "<group>"; };
		2628043C0552C60E579E1642 /* ko */ = {isa = PBXFileReference; lastKnownFileType = text.plist.strings; name = ko; path = ko.lproj/Localizable.strings; sourceTree = "<group>"; };
		2997948CEE7F56B185485DA5 /* OCRService.swift */ = {isa = PBXFileReference; lastKnownFileType = sourcecode.swift; path = OCRService.swift; sourceTree = "<group>"; };
		366623272AAA8137628F5814 /* QwenIntegrationTest.swift */ = {isa = PBXFileReference; lastKnownFileType = sourcecode.swift; path = QwenIntegrationTest.swift; sourceTree = "<group>"; };
		3ECC748A45D50FE9B7B64C3B /* HomeGlassView.swift */ = {isa = PBXFileReference; lastKnownFileType = sourcecode.swift; path = HomeGlassView.swift; sourceTree = "<group>"; };
		3F8C3AB668739E2B9E69BB52 /* Base */ = {isa = PBXFileReference; lastKnownFileType = text.plist.strings; name = Base; path = Base.lproj/Localizable.strings; sourceTree = "<group>"; };
		40ADC0CE378F69AC5BC33E64 /* fr-CH */ = {isa = PBXFileReference; lastKnownFileType = text.plist.strings; name = "fr-CH"; path = "fr-CH.lproj/Localizable.strings"; sourceTree = "<group>"; };
		41D52D39AC494214C224B644 /* es */ = {isa = PBXFileReference; lastKnownFileType = text.plist.strings; name = es; path = es.lproj/Localizable.strings; sourceTree = "<group>"; };
		4218F2CF2EE94E18F67830B7 /* OnboardingGlassView.swift */ = {isa = PBXFileReference; lastKnownFileType = sourcecode.swift; path = OnboardingGlassView.swift; sourceTree = "<group>"; };
		44142DEF29EB821585B283DB /* Info.plist */ = {isa = PBXFileReference; lastKnownFileType = text.plist; path = Info.plist; sourceTree = "<group>"; };
		4562CB22E4FFE45A6ED7F3EE /* QwenModelManager.swift */ = {isa = PBXFileReference; lastKnownFileType = sourcecode.swift; path = QwenModelManager.swift; sourceTree = "<group>"; };
		46A607069A2968D5E263BFF9 /* CurrencyManager.swift */ = {isa = PBXFileReference; lastKnownFileType = sourcecode.swift; path = CurrencyManager.swift; sourceTree = "<group>"; };
		4FDF4AD9F7C46D124E19A4FD /* it */ = {isa = PBXFileReference; lastKnownFileType = text.plist.strings; name = it; path = it.lproj/Localizable.strings; sourceTree = "<group>"; };
		5D8A53672D4BE7DEFB3843E5 /* de-CH */ = {isa = PBXFileReference; lastKnownFileType = text.plist.strings; name = "de-CH"; path = "de-CH.lproj/Localizable.strings"; sourceTree = "<group>"; };
		5F8D799342B91D437E6C1DE2 /* de */ = {isa = PBXFileReference; lastKnownFileType = text.plist.strings; name = de; path = de.lproj/Localizable.strings; sourceTree = "<group>"; };
		6057FEA552946139021D3C09 /* UIEnhancements.swift */ = {isa = PBXFileReference; lastKnownFileType = sourcecode.swift; path = UIEnhancements.swift; sourceTree = "<group>"; };
		61125EA2C4C1B5C87638BF53 /* PrivExpensIA.xcdatamodel */ = {isa = PBXFileReference; lastKnownFileType = wrapper.xcdatamodel; path = PrivExpensIA.xcdatamodel; sourceTree = "<group>"; };
		61903B53CF747DE5221091C8 /* IntegrationFlowTest.swift */ = {isa = PBXFileReference; lastKnownFileType = sourcecode.swift; path = IntegrationFlowTest.swift; sourceTree = "<group>"; };
		70303192DD89C091E5CD6897 /* StatisticsGlassView.swift */ = {isa = PBXFileReference; lastKnownFileType = sourcecode.swift; path = StatisticsGlassView.swift; sourceTree = "<group>"; };
		7645B534C6AC5D0EAADE7D76 /* DocumentPicker.swift */ = {isa = PBXFileReference; lastKnownFileType = sourcecode.swift; path = DocumentPicker.swift; sourceTree = "<group>"; };
		815D327D3892538A934BA6B6 /* SettingsGlassView.swift */ = {isa = PBXFileReference; lastKnownFileType = sourcecode.swift; path = SettingsGlassView.swift; sourceTree = "<group>"; };
		82F53855C270A3263B47720E /* LocalizationScreenshotTests.swift */ = {isa = PBXFileReference; lastKnownFileType = sourcecode.swift; path = LocalizationScreenshotTests.swift; sourceTree = "<group>"; };
		8682DDCF920A6B41D4B364C0 /* App.swift */ = {isa = PBXFileReference; lastKnownFileType = sourcecode.swift; path = App.swift; sourceTree = "<group>"; };
		879E55E82F187C210072A555 /* llama.xcframework */ = {isa = PBXFileReference; lastKnownFileType = wrapper.xcframework; name = llama.xcframework; path = Frameworks/llama.xcframework; sourceTree = "<group>"; };
		87EED9662F175F9500871134 /* qwen2.5-0.5b-instruct-q4_k_m.gguf */ = {isa = PBXFileReference; lastKnownFileType = file; path = "qwen2.5-0.5b-instruct-q4_k_m.gguf"; sourceTree = "<group>"; };
		8E3ADE5852B80DA605B057FC /* CacheWarming.swift */ = {isa = PBXFileReference; lastKnownFileType = sourcecode.swift; path = CacheWarming.swift; sourceTree = "<group>"; };
		8E62F46039946DE563C2E6BB /* PrivExpensIAApp.swift */ = {isa = PBXFileReference; lastKnownFileType = sourcecode.swift; path = PrivExpensIAApp.swift; sourceTree = "<group>"; };
		93163E0D92985C083B63A56A /* ScannerGlassView.swift */ = {isa = PBXFileReference; lastKnownFileType = sourcecode.swift; path = ScannerGlassView.swift; sourceTree = "<group>"; };
		9B3C28CAD1D7E436E0748487 /* Assets.xcassets */ = {isa = PBXFileReference; lastKnownFileType = folder.assetcatalog; path = Assets.xcassets; sourceTree = "<group>"; };
		9E87E608E9A0CBC1692E87BB /* logger.swift */ = {isa = PBXFileReference; lastKnownFileType = sourcecode.swift; path = logger.swift; sourceTree = "<group>"; };
		A027DE71A324C0BA44D62E86 /* ExpenseDetailGlassView.swift */ = {isa = PBXFileReference; lastKnownFileType = sourcecode.swift; path = ExpenseDetailGlassView.swift; sourceTree = "<group>"; };
		A79D3BCA9491F0A4B9070AF2 /* DateFormatExtensions.swift */ = {isa = PBXFileReference; lastKnownFileType = sourcecode.swift; path = DateFormatExtensions.swift; sourceTree = "<group>"; };
		AD258D14BA962AF877C86D93 /* fr */ = {isa = PBXFileReference; lastKnownFileType = text.plist.strings; name = fr; path = fr.lproj/Localizable.strings; sourceTree = "<group>"; };
		AF09168851992E0F25723D38 /* en */ = {isa = PBXFileReference; lastKnownFileType = text.plist.strings; name = en; path = en.lproj/Localizable.strings; sourceTree = "<group>"; };
		B2A1AF2B96C41DB71B39EDD8 /* MLXService.swift */ = {isa = PBXFileReference; lastKnownFileType = sourcecode.swift; path = MLXService.swift; sourceTree = "<group>"; };
		BF863690C0F888D94F3E3283 /* GlassComponents.swift */ = {isa = PBXFileReference; lastKnownFileType = sourcecode.swift; path = GlassComponents.swift; sourceTree = "<group>"; };
		C20616594CF16BF3A09B9CDC /* AIExtractionService.swift */ = {isa = PBXFileReference; lastKnownFileType = sourcecode.swift; path = AIExtractionService.swift; sourceTree = "<group>"; };
		C4D1FE6C5242DC53747688C6 /* BetaFeedbackView.swift */ = {isa = PBXFileReference; lastKnownFileType = sourcecode.swift; path = BetaFeedbackView.swift; sourceTree = "<group>"; };
		C54739DC258759E1200E8FEE /* ContentView.swift */ = {isa = PBXFileReference; lastKnownFileType = sourcecode.swift; path = ContentView.swift; sourceTree = "<group>"; };
		CCCC3333DDDD4444EEEE5555 /* TextExtractionUtils.swift */ = {isa = PBXFileReference; lastKnownFileType = sourcecode.swift; path = TextExtractionUtils.swift; sourceTree = "<group>"; };
		CEB4B75D4A30B81D3E06C26C /* LocalizationManager.swift */ = {isa = PBXFileReference; lastKnownFileType = sourcecode.swift; path = LocalizationManager.swift; sourceTree = "<group>"; };
		D0118EA7A31F7484A8011076 /* AnimationManager.swift */ = {isa = PBXFileReference; lastKnownFileType = sourcecode.swift; path = AnimationManager.swift; sourceTree = "<group>"; };
		D08A509A84BBD54AAD731E17 /* FetchRequestTestView.swift */ = {isa = PBXFileReference; lastKnownFileType = sourcecode.swift; path = FetchRequestTestView.swift; sourceTree = "<group>"; };
		D587E952FF8DA94DC73448E8 /* AnalyticsManager.swift */ = {isa = PBXFileReference; lastKnownFileType = sourcecode.swift; path = AnalyticsManager.swift; sourceTree = "<group>"; };
		DAE34B54188844B49FABF7A2 /* PrivExpensIAUITests.xctest */ = {isa = PBXFileReference; explicitFileType = wrapper.cfbundle; includeInIndex = 0; path = PrivExpensIAUITests.xctest; sourceTree = BUILT_PRODUCTS_DIR; };
		DDDD4444EEEE5555FFFF6666 /* LlamaInferenceService.swift */ = {isa = PBXFileReference; lastKnownFileType = sourcecode.swift; path = LlamaInferenceService.swift; sourceTree = "<group>"; };
		DFA85D9639E37CFD82DEF391 /* unified_pipeline.swift */ = {isa = PBXFileReference; lastKnownFileType = sourcecode.swift; path = unified_pipeline.swift; sourceTree = "<group>"; };
		E18E4693F7013B819C18A6AA /* ja */ = {isa = PBXFileReference; lastKnownFileType = text.plist.strings; name = ja; path = ja.lproj/Localizable.strings; sourceTree = "<group>"; };
		ECD56ED6C23C7987FD2990BB /* TVACalculator.swift */ = {isa = PBXFileReference; lastKnownFileType = sourcecode.swift; path = TVACalculator.swift; sourceTree = "<group>"; };
		F5E7DE16EB39E97D28CECAD1 /* PrivExpensIA.app */ = {isa = PBXFileReference; explicitFileType = wrapper.application; includeInIndex = 0; path = PrivExpensIA.app; sourceTree = BUILT_PRODUCTS_DIR; };
		FC080725364FD1C632E61BC2 /* sk */ = {isa = PBXFileReference; lastKnownFileType = text.plist.strings; name = sk; path = sk.lproj/Localizable.strings; sourceTree = "<group>"; };
		LLAMA1111WRAP2222INT33333 /* LlamaWrapperInternal.swift */ = {isa = PBXFileReference; lastKnownFileType = sourcecode.swift; path = LlamaWrapperInternal.swift; sourceTree = "<group>"; };
		AE060DCDF0B54CEB9084C958 /* EnhanceAIService.swift */ = {isa = PBXFileReference; lastKnownFileType = sourcecode.swift; path = EnhanceAIService.swift; sourceTree = "<group>"; };
		979E562B3312480989D09F5F /* ExpenseRAGService.swift */ = {isa = PBXFileReference; lastKnownFileType = sourcecode.swift; path = ExpenseRAGService.swift; sourceTree = "<group>"; };
		A347F376D72547D683CF8B53 /* ChatAssistantView.swift */ = {isa = PBXFileReference; lastKnownFileType = sourcecode.swift; path = ChatAssistantView.swift; sourceTree = "<group>"; };
		VISION1234CLOUD5678SWIFT /* CloudVisionService.swift */ = {isa = PBXFileReference; lastKnownFileType = sourcecode.swift; path = CloudVisionService.swift; sourceTree = "<group>"; };
		DOC1ARCHV2VIEW3SWIFT4 /* DocumentArchiveView.swift */ = {isa = PBXFileReference; lastKnownFileType = sourcecode.swift; path = DocumentArchiveView.swift; sourceTree = "<group>"; };
		C14CATE01DEDITOR00000001 /* CategoryEditorView.swift */ = {isa = PBXFileReference; lastKnownFileType = sourcecode.swift; path = CategoryEditorView.swift; sourceTree = "<group>"; };
		DOC1CLASS2SERV3SWIFT4 /* DocumentClassificationService.swift */ = {isa = PBXFileReference; lastKnownFileType = sourcecode.swift; path = DocumentClassificationService.swift; sourceTree = "<group>"; };
		DOCSRCH4FREF5SWIFT6 /* DocumentSearchService.swift */ = {isa = PBXFileReference; lastKnownFileType = sourcecode.swift; path = DocumentSearchService.swift; sourceTree = "<group>"; };
		UPROF1234MANAGER5678SWIFT /* UserProfileManager.swift */ = {isa = PBXFileReference; lastKnownFileType = sourcecode.swift; path = UserProfileManager.swift; sourceTree = "<group>"; };
		ONBOA1234PROFILE5678SWIFT /* OnboardingProfileView.swift */ = {isa = PBXFileReference; lastKnownFileType = sourcecode.swift; path = OnboardingProfileView.swift; sourceTree = "<group>"; };
		DOCSYNC1234SERVICE5678REF /* DocumentSyncService.swift */ = {isa = PBXFileReference; lastKnownFileType = sourcecode.swift; path = DocumentSyncService.swift; sourceTree = "<group>"; };
		DOCBRWSR1234VIEW5678REF /* DocumentBrowserView.swift */ = {isa = PBXFileReference; lastKnownFileType = sourcecode.swift; path = DocumentBrowserView.swift; sourceTree = "<group>"; };
		DOCFLDR1234VIEW56780REF /* DocumentFolderView.swift */ = {isa = PBXFileReference; lastKnownFileType = sourcecode.swift; path = DocumentFolderView.swift; sourceTree = "<group>"; };
		DOCFCRD1234VIEW56780REF /* DocumentFolderCardView.swift */ = {isa = PBXFileReference; lastKnownFileType = sourcecode.swift; path = DocumentFolderCardView.swift; sourceTree = "<group>"; };
/* End PBXFileReference section */

/* Begin PBXFrameworksBuildPhase section */
		879E55EB2F187C210072A555 /* Frameworks */ = {
			isa = PBXFrameworksBuildPhase;
			buildActionMask = 2147483647;
			files = (
				879E55E92F187C210072A555 /* llama.xcframework in Frameworks */,
			);
			runOnlyForDeploymentPostprocessing = 0;
		};
/* End PBXFrameworksBuildPhase section */

/* Begin PBXGroup section */
		083DC4077074A219A91FDFD8 /* PrivExpensIA */ = {
			isa = PBXGroup;
			children = (
				2241BD78CBEC1A6D5C76B751 /* AccessibilityModifiers.swift */,
				C20616594CF16BF3A09B9CDC /* AIExtractionService.swift */,
				D587E952FF8DA94DC73448E8 /* AnalyticsManager.swift */,
				D0118EA7A31F7484A8011076 /* AnimationManager.swift */,
				9B3C28CAD1D7E436E0748487 /* Assets.xcassets */,
				C4D1FE6C5242DC53747688C6 /* BetaFeedbackView.swift */,
				8E3ADE5852B80DA605B057FC /* CacheWarming.swift */,
				0B7812773E45777E6E84E10B /* Constants.swift */,
				0B48EEF6825C4DCDD0016D51 /* ContentView.swift */,
				02F5E3A439943E2D31494CA6 /* CoreDataManager.swift */,
				21D0CC8EB7E7C6FD055D62C8 /* CoreDataPersistenceTest.swift */,
				01BEDD06E0A279122A89AE87 /* CreditsView.swift */,
				46A607069A2968D5E263BFF9 /* CurrencyManager.swift */,
				A79D3BCA9491F0A4B9070AF2 /* DateFormatExtensions.swift */,
				1E97980CFCE55848EFDD06F8 /* DateFormatter+Swiss.swift */,
				7645B534C6AC5D0EAADE7D76 /* DocumentPicker.swift */,
				A027DE71A324C0BA44D62E86 /* ExpenseDetailGlassView.swift */,
				0AFE2F4D94E527BF0BE06736 /* ExpenseListGlassView.swift */,
				209FEDF5EAF2BCF868DA4AB3 /* ExpenseParser.swift */,
				D08A509A84BBD54AAD731E17 /* FetchRequestTestView.swift */,
				BF863690C0F888D94F3E3283 /* GlassComponents.swift */,
				3ECC748A45D50FE9B7B64C3B /* HomeGlassView.swift */,
				44142DEF29EB821585B283DB /* Info.plist */,
				61903B53CF747DE5221091C8 /* IntegrationFlowTest.swift */,
				140966250F1892C9BAE624A7 /* LiquidGlassTheme.swift */,
				DDDD4444EEEE5555FFFF6666 /* LlamaInferenceService.swift */,
				LLAMA1111WRAP2222INT33333 /* LlamaWrapperInternal.swift */,
				24949777186100C50FB390AD /* Localizable.strings */,
				CEB4B75D4A30B81D3E06C26C /* LocalizationManager.swift */,
				9E87E608E9A0CBC1692E87BB /* logger.swift */,
				B2A1AF2B96C41DB71B39EDD8 /* MLXService.swift */,
				87EED9662F175F9500871134 /* qwen2.5-0.5b-instruct-q4_k_m.gguf */,
				2997948CEE7F56B185485DA5 /* OCRService.swift */,
				4218F2CF2EE94E18F67830B7 /* OnboardingGlassView.swift */,
				0BC86169F294D6E9CA828DE9 /* PerformanceDashboard.swift */,
				222CEBB460EE30616D43E92E /* PerformanceOptimizer.swift */,
				7463B1E9B3481AA7FD84435E /* PrivExpensIA.xcdatamodeld */,
				8E62F46039946DE563C2E6BB /* PrivExpensIAApp.swift */,
				366623272AAA8137628F5814 /* QwenIntegrationTest.swift */,
				4562CB22E4FFE45A6ED7F3EE /* QwenModelManager.swift */,
				93163E0D92985C083B63A56A /* ScannerGlassView.swift */,
				815D327D3892538A934BA6B6 /* SettingsGlassView.swift */,
				70303192DD89C091E5CD6897 /* StatisticsGlassView.swift */,
				CCCC3333DDDD4444EEEE5555 /* TextExtractionUtils.swift */,
				038F2101D29D69011D5C28DB /* ThemeManager.swift */,
				ECD56ED6C23C7987FD2990BB /* TVACalculator.swift */,
				6057FEA552946139021D3C09 /* UIEnhancements.swift */,
				DFA85D9639E37CFD82DEF391 /* unified_pipeline.swift */,
				AE060DCDF0B54CEB9084C958 /* EnhanceAIService.swift */,
				979E562B3312480989D09F5F /* ExpenseRAGService.swift */,
				A347F376D72547D683CF8B53 /* ChatAssistantView.swift */,
				VISION1234CLOUD5678SWIFT /* CloudVisionService.swift */,
				DOC1ARCHV2VIEW3SWIFT4 /* DocumentArchiveView.swift */,
				DOC1CLASS2SERV3SWIFT4 /* DocumentClassificationService.swift */,
				DOCSRCH4FREF5SWIFT6 /* DocumentSearchService.swift */,
				C14CATE01DEDITOR00000001 /* CategoryEditorView.swift */,
				UPROF1234MANAGER5678SWIFT /* UserProfileManager.swift */,
				ONBOA1234PROFILE5678SWIFT /* OnboardingProfileView.swift */,
				DOCSYNC1234SERVICE5678REF /* DocumentSyncService.swift */,
				DOCBRWSR1234VIEW5678REF /* DocumentBrowserView.swift */,
				DOCFLDR1234VIEW56780REF /* DocumentFolderView.swift */,
				DOCFCRD1234VIEW56780REF /* DocumentFolderCardView.swift */,
			);
			path = PrivExpensIA;
			sourceTree = "<group>";
		};
		15091AD644FEF002D49F9D25 = {
			isa = PBXGroup;
			children = (
				083DC4077074A219A91FDFD8 /* PrivExpensIA */,
				A04C098F4864C31325A58E1A /* PrivExpensIAUITests */,
				90E265BA2CE5885E5A08BF6E /* VideoTestApp */,
				A4E7334C6E63B8B5EB1FA0E8 /* Products */,
				87EED9682F1867A600871134 /* Frameworks */,
			);
			sourceTree = "<group>";
		};
		87EED9682F1867A600871134 /* Frameworks */ = {
			isa = PBXGroup;
			children = (
				879E55E82F187C210072A555 /* llama.xcframework */,
			);
			name = Frameworks;
			sourceTree = "<group>";
		};
		90E265BA2CE5885E5A08BF6E /* VideoTestApp */ = {
			isa = PBXGroup;
			children = (
				8682DDCF920A6B41D4B364C0 /* App.swift */,
				C54739DC258759E1200E8FEE /* ContentView.swift */,
				0F33ED3F70748F962D6A6DB1 /* Info.plist */,
			);
			path = VideoTestApp;
			sourceTree = "<group>";
		};
		A04C098F4864C31325A58E1A /* PrivExpensIAUITests */ = {
			isa = PBXGroup;
			children = (
				82F53855C270A3263B47720E /* LocalizationScreenshotTests.swift */,
			);
			path = PrivExpensIAUITests;
			sourceTree = "<group>";
		};
		A4E7334C6E63B8B5EB1FA0E8 /* Products */ = {
			isa = PBXGroup;
			children = (
				F5E7DE16EB39E97D28CECAD1 /* PrivExpensIA.app */,
				DAE34B54188844B49FABF7A2 /* PrivExpensIAUITests.xctest */,
				124BCE9DEEC2D952D31341E4 /* VideoTestApp.app */,
			);
			name = Products;
			sourceTree = "<group>";
		};
/* End PBXGroup section */

/* Begin PBXNativeTarget section */
		3989975759D4F30BC5DA825B /* PrivExpensIA */ = {
			isa = PBXNativeTarget;
			buildConfigurationList = C74F848BE1F6698EC853C1F5 /* Build configuration list for PBXNativeTarget "PrivExpensIA" */;
			buildPhases = (
				DE916AC70B9935F58A30B4DF /* Sources */,
				73C3AFFB496AB2896F883D30 /* Resources */,
				879E55EB2F187C210072A555 /* Frameworks */,
				879E55EC2F187C210072A555 /* Embed Frameworks */,
			);
			buildRules = (
			);
			dependencies = (
			);
			name = PrivExpensIA;
			packageProductDependencies = (
				LLAMA1111WRAP2222PKG33333 /* LlamaWrapper */,
			);
			productName = PrivExpensIA;
			productReference = F5E7DE16EB39E97D28CECAD1 /* PrivExpensIA.app */;
			productType = "com.apple.product-type.application";
		};
		67D39858E7B41DDAE576CCF3 /* VideoTestApp */ = {
			isa = PBXNativeTarget;
			buildConfigurationList = FCA62F706776AF6A4AEE6187 /* Build configuration list for PBXNativeTarget "VideoTestApp" */;
			buildPhases = (
				18F649C105BE00241CE828E5 /* Sources */,
			);
			buildRules = (
			);
			dependencies = (
			);
			name = VideoTestApp;
			packageProductDependencies = (
			);
			productName = VideoTestApp;
			productReference = 124BCE9DEEC2D952D31341E4 /* VideoTestApp.app */;
			productType = "com.apple.product-type.application";
		};
		7AABB94329A8B7D581596745 /* PrivExpensIAUITests */ = {
			isa = PBXNativeTarget;
			buildConfigurationList = B356B673DFD17C4DDC900157 /* Build configuration list for PBXNativeTarget "PrivExpensIAUITests" */;
			buildPhases = (
				AC8904BE524DA1A87D02010E /* Sources */,
			);
			buildRules = (
			);
			dependencies = (
				9D6CF6DB845E5D1F6EA449DE /* PBXTargetDependency */,
			);
			name = PrivExpensIAUITests;
			packageProductDependencies = (
			);
			productName = PrivExpensIAUITests;
			productReference = DAE34B54188844B49FABF7A2 /* PrivExpensIAUITests.xctest */;
			productType = "com.apple.product-type.bundle.ui-testing";
		};
/* End PBXNativeTarget section */

/* Begin PBXProject section */
		B3D3C44716F41CE0648720F5 /* Project object */ = {
			isa = PBXProject;
			attributes = {
				BuildIndependentTargetsInParallel = YES;
				LastUpgradeCheck = 2600;
				TargetAttributes = {
					3989975759D4F30BC5DA825B = {
						DevelopmentTeam = WY5K9T67FG;
					};
					67D39858E7B41DDAE576CCF3 = {
						DevelopmentTeam = WY5K9T67FG;
					};
					7AABB94329A8B7D581596745 = {
						DevelopmentTeam = WY5K9T67FG;
						TestTargetID = 3989975759D4F30BC5DA825B;
					};
				};
			};
			buildConfigurationList = 4470AD958F4545D990C4F78D /* Build configuration list for PBXProject "PrivExpensIA" */;
			compatibilityVersion = "Xcode 14.0";
			developmentRegion = en;
			hasScannedForEncodings = 0;
			knownRegions = (
				Base,
				de,
				"de-CH",
				en,
				es,
				fr,
				"fr-CH",
				it,
				"it-CH",
				ja,
				ko,
				sk,
			);
			mainGroup = 15091AD644FEF002D49F9D25;
			minimizedProjectReferenceProxies = 1;
			packageReferences = (
				LLAMA4444LOCAL5555REF6666 /* XCLocalSwiftPackageReference "Packages/LlamaWrapper" */,
			);
			projectDirPath = "";
			projectRoot = "";
			targets = (
				3989975759D4F30BC5DA825B /* PrivExpensIA */,
				7AABB94329A8B7D581596745 /* PrivExpensIAUITests */,
				67D39858E7B41DDAE576CCF3 /* VideoTestApp */,
			);
		};
/* End PBXProject section */

/* Begin PBXResourcesBuildPhase section */
		73C3AFFB496AB2896F883D30 /* Resources */ = {
			isa = PBXResourcesBuildPhase;
			buildActionMask = 2147483647;
			files = (
				B86209A4FFEA54C9DE4AC4A4 /* Assets.xcassets in Resources */,
				87EED9672F175F9500871134 /* qwen2.5-0.5b-instruct-q4_k_m.gguf in Resources */,
				D806A0BE01F3A29B8A699C8F /* Localizable.strings in Resources */,
			);
			runOnlyForDeploymentPostprocessing = 0;
		};
/* End PBXResourcesBuildPhase section */

/* Begin PBXSourcesBuildPhase section */
		18F649C105BE00241CE828E5 /* Sources */ = {
			isa = PBXSourcesBuildPhase;
			buildActionMask = 2147483647;
			files = (
				FDFEE8EA7F0B94E7FF60325C /* App.swift in Sources */,
				DFFEAD65DF82FD5741D368FA /* ContentView.swift in Sources */,
			);
			runOnlyForDeploymentPostprocessing = 0;
		};
		AC8904BE524DA1A87D02010E /* Sources */ = {
			isa = PBXSourcesBuildPhase;
			buildActionMask = 2147483647;
			files = (
				56E9CA40B7562C11B50B0B24 /* LocalizationScreenshotTests.swift in Sources */,
			);
			runOnlyForDeploymentPostprocessing = 0;
		};
		DE916AC70B9935F58A30B4DF /* Sources */ = {
			isa = PBXSourcesBuildPhase;
			buildActionMask = 2147483647;
			files = (
				81C7631DBDAFDA32C3E40056 /* AIExtractionService.swift in Sources */,
				FEE6CA3B7E7CD4A272653B20 /* AccessibilityModifiers.swift in Sources */,
				819F349584F38A290AA3F930 /* AnalyticsManager.swift in Sources */,
				6971F4F758A2F2D55C9EAA29 /* AnimationManager.swift in Sources */,
				CB1A298401B5FB0984CF4ED9 /* BetaFeedbackView.swift in Sources */,
				5BF96DD74EE61BA7C7324563 /* CacheWarming.swift in Sources */,
				B0A005726BCBA23E93CC7C47 /* Constants.swift in Sources */,
				5F67ECAF796FAA615C565FAE /* ContentView.swift in Sources */,
				6ADD514AAA598DD723C30B0F /* CoreDataManager.swift in Sources */,
				D53AC9FAC59B797865116223 /* CoreDataPersistenceTest.swift in Sources */,
				77EBAFB4EE9A1387EED13EDD /* CreditsView.swift in Sources */,
				DC3A96B0CAF3C02F24AACA6A /* CurrencyManager.swift in Sources */,
				00631513A613545233DD5A20 /* DateFormatExtensions.swift in Sources */,
				7D412A3EF692DBD3EEB749E2 /* DateFormatter+Swiss.swift in Sources */,
				B59B7650EA4CFF7248DEB420 /* DocumentPicker.swift in Sources */,
				D75E5DB50DEFC5AA2A2F0A6A /* ExpenseDetailGlassView.swift in Sources */,
				365F4B9C1E7A44D153790332 /* ExpenseListGlassView.swift in Sources */,
				ED3CA3EAF44EDDBE5F669C6E /* ExpenseParser.swift in Sources */,
				4679DB9853D3D62D93EB6B00 /* FetchRequestTestView.swift in Sources */,
				521B813A0DCB731895740876 /* GlassComponents.swift in Sources */,
				75E38872A64A14DCF5DB8F31 /* HomeGlassView.swift in Sources */,
				C90E68B807ADF3DA69D5E230 /* IntegrationFlowTest.swift in Sources */,
				AB800D72AD829460E2B0288C /* LiquidGlassTheme.swift in Sources */,
				AAAA1111BBBB2222CCCC3333 /* LlamaInferenceService.swift in Sources */,
				LLAMA7777WRAP8888INT99999 /* LlamaWrapperInternal.swift in Sources */,
				7BC50F0C126EC06C70CEA192 /* LocalizationManager.swift in Sources */,
				3DB332706BA67EF94D66117B /* MLXService.swift in Sources */,
				8448D00D17909FE04EA7D581 /* OCRService.swift in Sources */,
				9B8CFFA4799E27BEB926D925 /* OnboardingGlassView.swift in Sources */,
				D7A650D1B62F762926FFC824 /* PerformanceDashboard.swift in Sources */,
				7FD8E2320A8F9AB0046E4731 /* PerformanceOptimizer.swift in Sources */,
				8D291747DAEBD4A9E63C35F7 /* PrivExpensIA.xcdatamodeld in Sources */,
				C35AD47252AAE5AC7B8917B6 /* PrivExpensIAApp.swift in Sources */,
				335875018F33B1DC93CFD568 /* QwenIntegrationTest.swift in Sources */,
				16DEC9747F753FCE7471E66E /* QwenModelManager.swift in Sources */,
				D47A0D31EA7B9F8C53C3DF88 /* ScannerGlassView.swift in Sources */,
				6E994651F43E070A5278681D /* SettingsGlassView.swift in Sources */,
				EE123C1F6E5D25E4449460D4 /* StatisticsGlassView.swift in Sources */,
				BBBB2222CCCC3333DDDD4444 /* TextExtractionUtils.swift in Sources */,
				C23DA0191CC6B63A9DA9463A /* TVACalculator.swift in Sources */,
				16C37BDFDACD9B584848B19F /* ThemeManager.swift in Sources */,
				8E6992E824F3D2AED80B7D05 /* UIEnhancements.swift in Sources */,
				AF308673E2B2484B0AD40535 /* logger.swift in Sources */,
				09CE0BB0F099735575059F25 /* unified_pipeline.swift in Sources */,
				6A70B162AC9F4C80B3B3C16F /* EnhanceAIService.swift in Sources */,
				FFDC932CADE84276AC895E70 /* ExpenseRAGService.swift in Sources */,
				D4162D71ECFD4511A882DAEF /* ChatAssistantView.swift in Sources */,
				CLOUD1234VISION5678SERVICE /* CloudVisionService.swift in Sources */,
				DOC5ARCHV6VIEW7BUILD8 /* DocumentArchiveView.swift in Sources */,
				DOC5CLASS6SERV7BUILD8 /* DocumentClassificationService.swift in Sources */,
				DOCSRCH1BUILD2FILE3 /* DocumentSearchService.swift in Sources */,
				C14CATE01DEDITOR00000002 /* CategoryEditorView.swift in Sources */,
				UPROF1234MANAGER5678BUILD /* UserProfileManager.swift in Sources */,
				ONBOA1234PROFILE5678BUILD /* OnboardingProfileView.swift in Sources */,
				DOCSYNC1234SERVICE5678BLD /* DocumentSyncService.swift in Sources */,
				DOCBRWSR1234VIEW5678BLD /* DocumentBrowserView.swift in Sources */,
				DOCFLDR1234VIEW56780BLD /* DocumentFolderView.swift in Sources */,
				DOCFCRD1234VIEW56780BLD /* DocumentFolderCardView.swift in Sources */,
			);
			runOnlyForDeploymentPostprocessing = 0;
		};
/* End PBXSourcesBuildPhase section */

/* Begin PBXTargetDependency section */
		9D6CF6DB845E5D1F6EA449DE /* PBXTargetDependency */ = {
			isa = PBXTargetDependency;
			target = 3989975759D4F30BC5DA825B /* PrivExpensIA */;
			targetProxy = BDF66E437735834172ED0920 /* PBXContainerItemProxy */;
		};
/* End PBXTargetDependency section */

/* Begin PBXVariantGroup section */
		24949777186100C50FB390AD /* Localizable.strings */ = {
			isa = PBXVariantGroup;
			children = (
				3F8C3AB668739E2B9E69BB52 /* Base */,
				5F8D799342B91D437E6C1DE2 /* de */,
				5D8A53672D4BE7DEFB3843E5 /* de-CH */,
				AF09168851992E0F25723D38 /* en */,
				41D52D39AC494214C224B644 /* es */,
				AD258D14BA962AF877C86D93 /* fr */,
				40ADC0CE378F69AC5BC33E64 /* fr-CH */,
				4FDF4AD9F7C46D124E19A4FD /* it */,
				038CE9B4DE5EF81A715CE83D /* it-CH */,
				E18E4693F7013B819C18A6AA /* ja */,
				2628043C0552C60E579E1642 /* ko */,
				FC080725364FD1C632E61BC2 /* sk */,
			);
			name = Localizable.strings;
			sourceTree = "<group>";
		};
/* End PBXVariantGroup section */

/* Begin XCBuildConfiguration section */
		0B111EB291B7803A69A7E7B3 /* Debug */ = {
			isa = XCBuildConfiguration;
			buildSettings = {
				ASSETCATALOG_COMPILER_APPICON_NAME = AppIcon;
				CODE_SIGN_IDENTITY = "-";
				COMBINE_HIDPI_IMAGES = YES;
				DEAD_CODE_STRIPPING = YES;
				DEVELOPMENT_TEAM = WY5K9T67FG;
				GENERATE_INFOPLIST_FILE = NO;
				INFOPLIST_FILE = VideoTestApp/Info.plist;
				LD_RUNPATH_SEARCH_PATHS = (
					"$(inherited)",
					"@executable_path/../Frameworks",
				);
				MACOSX_DEPLOYMENT_TARGET = 13.0;
				PRODUCT_BUNDLE_IDENTIFIER = com.minhtam.VideoTestApp;
				SDKROOT = macosx;
			};
			name = Debug;
		};
		1995A4ED0D965E109627F804 /* Release */ = {
			isa = XCBuildConfiguration;
			buildSettings = {
				BUNDLE_LOADER = "$(TEST_HOST)";
				DEVELOPMENT_TEAM = WY5K9T67FG;
				GENERATE_INFOPLIST_FILE = YES;
				LD_RUNPATH_SEARCH_PATHS = (
					"$(inherited)",
					"@executable_path/Frameworks",
					"@loader_path/Frameworks",
				);
				PRODUCT_BUNDLE_IDENTIFIER = com.minhtam.ExpenseAIUITests;
				SDKROOT = iphoneos;
				SWIFT_VERSION = 5.0;
				TARGETED_DEVICE_FAMILY = "1,2";
				TEST_TARGET_NAME = PrivExpensIA;
			};
			name = Release;
		};
		5EA1194316BB4F1875EBAE25 /* Debug */ = {
			isa = XCBuildConfiguration;
			buildSettings = {
				ALWAYS_SEARCH_USER_PATHS = NO;
				CLANG_ANALYZER_LOCALIZABILITY_NONLOCALIZED = YES;
				CLANG_ANALYZER_NONNULL = YES;
				CLANG_ANALYZER_NUMBER_OBJECT_CONVERSION = YES_AGGRESSIVE;
				CLANG_CXX_LANGUAGE_STANDARD = "gnu++14";
				CLANG_CXX_LIBRARY = "libc++";
				CLANG_ENABLE_MODULES = YES;
				CLANG_ENABLE_OBJC_ARC = YES;
				CLANG_ENABLE_OBJC_WEAK = YES;
				CLANG_WARN_BLOCK_CAPTURE_AUTORELEASING = YES;
				CLANG_WARN_BOOL_CONVERSION = YES;
				CLANG_WARN_COMMA = YES;
				CLANG_WARN_CONSTANT_CONVERSION = YES;
				CLANG_WARN_DEPRECATED_OBJC_IMPLEMENTATIONS = YES;
				CLANG_WARN_DIRECT_OBJC_ISA_USAGE = YES_ERROR;
				CLANG_WARN_DOCUMENTATION_COMMENTS = YES;
				CLANG_WARN_EMPTY_BODY = YES;
				CLANG_WARN_ENUM_CONVERSION = YES;
				CLANG_WARN_INFINITE_RECURSION = YES;
				CLANG_WARN_INT_CONVERSION = YES;
				CLANG_WARN_NON_LITERAL_NULL_CONVERSION = YES;
				CLANG_WARN_OBJC_IMPLICIT_RETAIN_SELF = YES;
				CLANG_WARN_OBJC_LITERAL_CONVERSION = YES;
				CLANG_WARN_OBJC_ROOT_CLASS = YES_ERROR;
				CLANG_WARN_QUOTED_INCLUDE_IN_FRAMEWORK_HEADER = YES;
				CLANG_WARN_RANGE_LOOP_ANALYSIS = YES;
				CLANG_WARN_STRICT_PROTOTYPES = YES;
				CLANG_WARN_SUSPICIOUS_MOVE = YES;
				CLANG_WARN_UNGUARDED_AVAILABILITY = YES_AGGRESSIVE;
				CLANG_WARN_UNREACHABLE_CODE = YES;
				CLANG_WARN__DUPLICATE_METHOD_MATCH = YES;
				COPY_PHASE_STRIP = NO;
				CURRENT_PROJECT_VERSION = 4;
				DEAD_CODE_STRIPPING = YES;
				DEBUG_INFORMATION_FORMAT = "dwarf-with-dsym";
				DEVELOPMENT_TEAM = WY5K9T67FG;
				ENABLE_STRICT_OBJC_MSGSEND = YES;
				ENABLE_TESTABILITY = YES;
				ENABLE_USER_SCRIPT_SANDBOXING = YES;
				GCC_C_LANGUAGE_STANDARD = gnu11;
				GCC_DYNAMIC_NO_PIC = NO;
				GCC_NO_COMMON_BLOCKS = YES;
				GCC_OPTIMIZATION_LEVEL = 0;
				GCC_PREPROCESSOR_DEFINITIONS = (
					"$(inherited)",
					"DEBUG=1",
				);
				GCC_WARN_64_TO_32_BIT_CONVERSION = YES;
				GCC_WARN_ABOUT_RETURN_TYPE = YES_ERROR;
				GCC_WARN_UNDECLARED_SELECTOR = YES;
				GCC_WARN_UNINITIALIZED_AUTOS = YES_AGGRESSIVE;
				GCC_WARN_UNUSED_FUNCTION = YES;
				GCC_WARN_UNUSED_VARIABLE = YES;
				IPHONEOS_DEPLOYMENT_TARGET = 17.0;
				MARKETING_VERSION = 1.0.2;
				MTL_ENABLE_DEBUG_INFO = INCLUDE_SOURCE;
				MTL_FAST_MATH = YES;
				ONLY_ACTIVE_ARCH = YES;
				PRODUCT_BUNDLE_IDENTIFIER = com.minhtam.ExpenseAI;
				PRODUCT_NAME = "$(TARGET_NAME)";
				STRING_CATALOG_GENERATE_SYMBOLS = YES;
				SWIFT_ACTIVE_COMPILATION_CONDITIONS = DEBUG;
				SWIFT_OPTIMIZATION_LEVEL = "-Onone";
				SWIFT_VERSION = 5.0;
			};
			name = Debug;
		};
		7EAAB0EE716A34CCD93F31E0 /* Release */ = {
			isa = XCBuildConfiguration;
			buildSettings = {
				ASSETCATALOG_COMPILER_APPICON_NAME = AppIcon;
				CODE_SIGN_IDENTITY = "-";
				COMBINE_HIDPI_IMAGES = YES;
				DEAD_CODE_STRIPPING = YES;
				DEVELOPMENT_TEAM = WY5K9T67FG;
				GENERATE_INFOPLIST_FILE = NO;
				INFOPLIST_FILE = VideoTestApp/Info.plist;
				LD_RUNPATH_SEARCH_PATHS = (
					"$(inherited)",
					"@executable_path/../Frameworks",
				);
				MACOSX_DEPLOYMENT_TARGET = 13.0;
				PRODUCT_BUNDLE_IDENTIFIER = com.minhtam.VideoTestApp;
				SDKROOT = macosx;
			};
			name = Release;
		};
		9A3CEC5B94A7B3001A1755B4 /* Debug */ = {
			isa = XCBuildConfiguration;
			buildSettings = {
				BUNDLE_LOADER = "$(TEST_HOST)";
				DEVELOPMENT_TEAM = WY5K9T67FG;
				GENERATE_INFOPLIST_FILE = YES;
				LD_RUNPATH_SEARCH_PATHS = (
					"$(inherited)",
					"@executable_path/Frameworks",
					"@loader_path/Frameworks",
				);
				PRODUCT_BUNDLE_IDENTIFIER = com.minhtam.ExpenseAIUITests;
				SDKROOT = iphoneos;
				SWIFT_VERSION = 5.0;
				TARGETED_DEVICE_FAMILY = "1,2";
				TEST_TARGET_NAME = PrivExpensIA;
			};
			name = Debug;
		};
		C41F0834B3DC97F6C978DF20 /* Debug */ = {
			isa = XCBuildConfiguration;
			buildSettings = {
				ASSETCATALOG_COMPILER_APPICON_NAME = AppIcon;
				CODE_SIGN_IDENTITY = "iPhone Developer";
				DEVELOPMENT_TEAM = WY5K9T67FG;
				INFOPLIST_FILE = PrivExpensIA/Info.plist;
				IPHONEOS_DEPLOYMENT_TARGET = 18.6;
				LD_RUNPATH_SEARCH_PATHS = (
					"$(inherited)",
					"@executable_path/Frameworks",
				);
				PRODUCT_BUNDLE_IDENTIFIER = com.minhtam.ExpenseAI;
				SDKROOT = iphoneos;
				SWIFT_VERSION = 5.0;
				TARGETED_DEVICE_FAMILY = "1,2";
			};
			name = Debug;
		};
		E27912C2CA838E48CB30069E /* Release */ = {
			isa = XCBuildConfiguration;
			buildSettings = {
				ALWAYS_SEARCH_USER_PATHS = NO;
				CLANG_ANALYZER_LOCALIZABILITY_NONLOCALIZED = YES;
				CLANG_ANALYZER_NONNULL = YES;
				CLANG_ANALYZER_NUMBER_OBJECT_CONVERSION = YES_AGGRESSIVE;
				CLANG_CXX_LANGUAGE_STANDARD = "gnu++14";
				CLANG_CXX_LIBRARY = "libc++";
				CLANG_ENABLE_MODULES = YES;
				CLANG_ENABLE_OBJC_ARC = YES;
				CLANG_ENABLE_OBJC_WEAK = YES;
				CLANG_WARN_BLOCK_CAPTURE_AUTORELEASING = YES;
				CLANG_WARN_BOOL_CONVERSION = YES;
				CLANG_WARN_COMMA = YES;
				CLANG_WARN_CONSTANT_CONVERSION = YES;
				CLANG_WARN_DEPRECATED_OBJC_IMPLEMENTATIONS = YES;
				CLANG_WARN_DIRECT_OBJC_ISA_USAGE = YES_ERROR;
				CLANG_WARN_DOCUMENTATION_COMMENTS = YES;
				CLANG_WARN_EMPTY_BODY = YES;
				CLANG_WARN_ENUM_CONVERSION = YES;
				CLANG_WARN_INFINITE_RECURSION = YES;
				CLANG_WARN_INT_CONVERSION = YES;
				CLANG_WARN_NON_LITERAL_NULL_CONVERSION = YES;
				CLANG_WARN_OBJC_IMPLICIT_RETAIN_SELF = YES;
				CLANG_WARN_OBJC_LITERAL_CONVERSION = YES;
				CLANG_WARN_OBJC_ROOT_CLASS = YES_ERROR;
				CLANG_WARN_QUOTED_INCLUDE_IN_FRAMEWORK_HEADER = YES;
				CLANG_WARN_RANGE_LOOP_ANALYSIS = YES;
				CLANG_WARN_STRICT_PROTOTYPES = YES;
				CLANG_WARN_SUSPICIOUS_MOVE = YES;
				CLANG_WARN_UNGUARDED_AVAILABILITY = YES_AGGRESSIVE;
				CLANG_WARN_UNREACHABLE_CODE = YES;
				CLANG_WARN__DUPLICATE_METHOD_MATCH = YES;
				COPY_PHASE_STRIP = NO;
				CURRENT_PROJECT_VERSION = 4;
				DEAD_CODE_STRIPPING = YES;
				DEBUG_INFORMATION_FORMAT = "dwarf-with-dsym";
				DEPLOYMENT_POSTPROCESSING = YES;
				DEVELOPMENT_TEAM = WY5K9T67FG;
				ENABLE_BITCODE = YES;
				ENABLE_NS_ASSERTIONS = NO;
				ENABLE_STRICT_OBJC_MSGSEND = YES;
				ENABLE_USER_SCRIPT_SANDBOXING = YES;
				GCC_C_LANGUAGE_STANDARD = gnu11;
				GCC_NO_COMMON_BLOCKS = YES;
				GCC_WARN_64_TO_32_BIT_CONVERSION = YES;
				GCC_WARN_ABOUT_RETURN_TYPE = YES_ERROR;
				GCC_WARN_UNDECLARED_SELECTOR = YES;
				GCC_WARN_UNINITIALIZED_AUTOS = YES_AGGRESSIVE;
				GCC_WARN_UNUSED_FUNCTION = YES;
				GCC_WARN_UNUSED_VARIABLE = YES;
				IPHONEOS_DEPLOYMENT_TARGET = 17.0;
				MARKETING_VERSION = 1.0.2;
				MTL_ENABLE_DEBUG_INFO = NO;
				MTL_FAST_MATH = YES;
				PRODUCT_BUNDLE_IDENTIFIER = com.minhtam.ExpenseAI;
				PRODUCT_NAME = "$(TARGET_NAME)";
				STRING_CATALOG_GENERATE_SYMBOLS = YES;
				SWIFT_COMPILATION_MODE = wholemodule;
				SWIFT_OPTIMIZATION_LEVEL = "-O";
				SWIFT_VERSION = 5.0;
				VALIDATE_PRODUCT = YES;
			};
			name = Release;
		};
		F55A62061DED1ACB5487E1F2 /* Release */ = {
			isa = XCBuildConfiguration;
			buildSettings = {
				ASSETCATALOG_COMPILER_APPICON_NAME = AppIcon;
				CODE_SIGN_IDENTITY = "iPhone Developer";
				DEVELOPMENT_TEAM = WY5K9T67FG;
				INFOPLIST_FILE = PrivExpensIA/Info.plist;
				IPHONEOS_DEPLOYMENT_TARGET = 18.6;
				LD_RUNPATH_SEARCH_PATHS = (
					"$(inherited)",
					"@executable_path/Frameworks",
				);
				PRODUCT_BUNDLE_IDENTIFIER = com.minhtam.ExpenseAI;
				SDKROOT = iphoneos;
				SWIFT_VERSION = 5.0;
				TARGETED_DEVICE_FAMILY = "1,2";
			};
			name = Release;
		};
/* End XCBuildConfiguration section */

/* Begin XCConfigurationList section */
		4470AD958F4545D990C4F78D /* Build configuration list for PBXProject "PrivExpensIA" */ = {
			isa = XCConfigurationList;
			buildConfigurations = (
				5EA1194316BB4F1875EBAE25 /* Debug */,
				E27912C2CA838E48CB30069E /* Release */,
			);
			defaultConfigurationIsVisible = 0;
			defaultConfigurationName = Debug;
		};
		B356B673DFD17C4DDC900157 /* Build configuration list for PBXNativeTarget "PrivExpensIAUITests" */ = {
			isa = XCConfigurationList;
			buildConfigurations = (
				9A3CEC5B94A7B3001A1755B4 /* Debug */,
				1995A4ED0D965E109627F804 /* Release */,
			);
			defaultConfigurationIsVisible = 0;
			defaultConfigurationName = Debug;
		};
		C74F848BE1F6698EC853C1F5 /* Build configuration list for PBXNativeTarget "PrivExpensIA" */ = {
			isa = XCConfigurationList;
			buildConfigurations = (
				C41F0834B3DC97F6C978DF20 /* Debug */,
				F55A62061DED1ACB5487E1F2 /* Release */,
			);
			defaultConfigurationIsVisible = 0;
			defaultConfigurationName = Debug;
		};
		FCA62F706776AF6A4AEE6187 /* Build configuration list for PBXNativeTarget "VideoTestApp" */ = {
			isa = XCConfigurationList;
			buildConfigurations = (
				0B111EB291B7803A69A7E7B3 /* Debug */,
				7EAAB0EE716A34CCD93F31E0 /* Release */,
			);
			defaultConfigurationIsVisible = 0;
			defaultConfigurationName = Debug;
		};
/* End XCConfigurationList section */

/* Begin XCLocalSwiftPackageReference section */
		LLAMA4444LOCAL5555REF6666 /* XCLocalSwiftPackageReference "Packages/LlamaWrapper" */ = {
			isa = XCLocalSwiftPackageReference;
			relativePath = Packages/LlamaWrapper;
		};
/* End XCLocalSwiftPackageReference section */

/* Begin XCSwiftPackageProductDependency section */
		LLAMA1111WRAP2222PKG33333 /* LlamaWrapper */ = {
			isa = XCSwiftPackageProductDependency;
			package = LLAMA4444LOCAL5555REF6666 /* XCLocalSwiftPackageReference "Packages/LlamaWrapper" */;
			productName = LlamaWrapper;
		};
/* End XCSwiftPackageProductDependency section */

/* Begin XCVersionGroup section */
		7463B1E9B3481AA7FD84435E /* PrivExpensIA.xcdatamodeld */ = {
			isa = XCVersionGroup;
			children = (
				61125EA2C4C1B5C87638BF53 /* PrivExpensIA.xcdatamodel */,
			);
			currentVersion = 61125EA2C4C1B5C87638BF53 /* PrivExpensIA.xcdatamodel */;
			path = PrivExpensIA.xcdatamodeld;
			sourceTree = "<group>";
			versionGroupType = wrapper.xcdatamodel;
		};
/* End XCVersionGroup section */
	};
	rootObject = B3D3C44716F41CE0648720F5 /* Project object */;
}
